
Microsoft Visual Studio Solution File, Format Version 12.00
# Visual Studio Version 16
VisualStudioVersion = 16.0.30114.105
MinimumVisualStudioVersion = 10.0.40219.1
Project("{FAE04EC0-301F-11D3-BF4B-00C04F79EFBC}") = "QuoteManager", "QuoteManager.csproj", "{213E1D1A-38A1-476E-BD44-16B2B7CAFFAB}"
EndProject
Project("{FAE04EC0-301F-11D3-BF4B-00C04F79EFBC}") = "QuoteManager.Test", "..\QuoteManager.Test\QuoteManager.Test.csproj", "{31BC5003-39C4-4721-84D9-5A7DA8DDCC1D}"
EndProject
Global
	GlobalSection(SolutionConfigurationPlatforms) = preSolution
		Debug|Any CPU = Debug|Any CPU
		Release|Any CPU = Release|Any CPU
	EndGlobalSection
	GlobalSection(ProjectConfigurationPlatforms) = postSolution
		{213E1D1A-38A1-476E-BD44-16B2B7CAFFAB}.Debug|Any CPU.ActiveCfg = Debug|Any CPU
		{213E1D1A-38A1-476E-BD44-16B2B7CAFFAB}.Debug|Any CPU.Build.0 = Debug|Any CPU
		{213E1D1A-38A1-476E-BD44-16B2B7CAFFAB}.Release|Any CPU.ActiveCfg = Release|Any CPU
		{213E1D1A-38A1-476E-BD44-16B2B7CAFFAB}.Release|Any CPU.Build.0 = Release|Any CPU
		{31BC5003-39C4-4721-84D9-5A7DA8DDCC1D}.Debug|Any CPU.ActiveCfg = Debug|Any CPU
		{31BC5003-39C4-4721-84D9-5A7DA8DDCC1D}.Debug|Any CPU.Build.0 = Debug|Any CPU
		{31BC5003-39C4-4721-84D9-5A7DA8DDCC1D}.Release|Any CPU.ActiveCfg = Release|Any CPU
		{31BC5003-39C4-4721-84D9-5A7DA8DDCC1D}.Release|Any CPU.Build.0 = Release|Any CPU
	EndGlobalSection
	GlobalSection(SolutionProperties) = preSolution
		HideSolutionNode = FALSE
	EndGlobalSection
	GlobalSection(ExtensibilityGlobals) = postSolution
		SolutionGuid = {1A12F19E-B765-4979-87DE-F919DB543CA1}
	EndGlobalSection
EndGlobal
